
Microsoft Visual Studio Solution File, Format Version 12.00
# Visual Studio 15
VisualStudioVersion = 15.0.27703.2042
MinimumVisualStudioVersion = 10.0.40219.1
Project("{9A19103F-16F7-4668-BE54-9A1E7A4F7556}") = "TAC.Web", "TAC.Web\TAC.Web.csproj", "{C14BA9AA-C941-4BCB-A686-36A17E85FF87}"
EndProject
Project("{9A19103F-16F7-4668-BE54-9A1E7A4F7556}") = "TAC.Domain", "TAC.Domain\TAC.Domain.csproj", "{F4F93B9D-F5E4-4897-9147-9A44DAC30F79}"
EndProject
Project("{2150E333-8FDC-42A3-9474-1A3956D46DE8}") = "Core", "Core", "{8D051528-4077-450E-AB35-590C63DF1491}"
EndProject
Project("{2150E333-8FDC-42A3-9474-1A3956D46DE8}") = "Tests", "Tests", "{388FF368-9072-4586-A73B-0AB143D1212E}"
EndProject
Project("{9A19103F-16F7-4668-BE54-9A1E7A4F7556}") = "TAC.Domain.Infrastructure", "TAC.Domain.Infrastructure\TAC.Domain.Infrastructure.csproj", "{269676AF-6621-4B42-849A-85BF7FB52A49}"
EndProject
Project("{9A19103F-16F7-4668-BE54-9A1E7A4F7556}") = "TAC.Business", "TAC.Business\TAC.Business.csproj", "{48D067AF-40E2-4474-B924-304A003E75BE}"
EndProject
Project("{9A19103F-16F7-4668-BE54-9A1E7A4F7556}") = "TAC.Shared", "TAC.Shared\TAC.Shared.csproj", "{DDBDE98F-588F-419F-A846-DE4B5B3C109D}"
EndProject
Project("{9A19103F-16F7-4668-BE54-9A1E7A4F7556}") = "TAC.Dto", "TAC.Dto\TAC.Dto.csproj", "{079D3734-C91C-4E17-B436-2F295B12E6EA}"
EndProject
Project("{9A19103F-16F7-4668-BE54-9A1E7A4F7556}") = "TAC.Domain.Tests", "TAC.Domain.Tests\TAC.Domain.Tests.csproj", "{499BEB79-C820-47EF-A0B0-7AF860650756}"
EndProject
Project("{2150E333-8FDC-42A3-9474-1A3956D46DE8}") = "Business", "Business", "{0FAEC3C0-E239-4BF4-8B9D-F5185430902E}"
EndProject
Project("{FAE04EC0-301F-11D3-BF4B-00C04F79EFBC}") = "TAC.Business.Tests", "TAC.Business.Tests\TAC.Business.Tests.csproj", "{46F9968F-B4B9-483B-8C6E-39316BEC3C98}"
EndProject
Project("{FAE04EC0-301F-11D3-BF4B-00C04F79EFBC}") = "TAC.Web.IntegrationTests", "TAC.Web.IntegrationTests\TAC.Web.IntegrationTests.csproj", "{49816681-9D90-43D2-A4CC-49147F286295}"
EndProject
Global
	GlobalSection(SolutionConfigurationPlatforms) = preSolution
		Debug|Any CPU = Debug|Any CPU
		Release|Any CPU = Release|Any CPU
	EndGlobalSection
	GlobalSection(ProjectConfigurationPlatforms) = postSolution
		{C14BA9AA-C941-4BCB-A686-36A17E85FF87}.Debug|Any CPU.ActiveCfg = Debug|Any CPU
		{C14BA9AA-C941-4BCB-A686-36A17E85FF87}.Debug|Any CPU.Build.0 = Debug|Any CPU
		{C14BA9AA-C941-4BCB-A686-36A17E85FF87}.Release|Any CPU.ActiveCfg = Release|Any CPU
		{C14BA9AA-C941-4BCB-A686-36A17E85FF87}.Release|Any CPU.Build.0 = Release|Any CPU
		{F4F93B9D-F5E4-4897-9147-9A44DAC30F79}.Debug|Any CPU.ActiveCfg = Debug|Any CPU
		{F4F93B9D-F5E4-4897-9147-9A44DAC30F79}.Debug|Any CPU.Build.0 = Debug|Any CPU
		{F4F93B9D-F5E4-4897-9147-9A44DAC30F79}.Release|Any CPU.ActiveCfg = Release|Any CPU
		{F4F93B9D-F5E4-4897-9147-9A44DAC30F79}.Release|Any CPU.Build.0 = Release|Any CPU
		{269676AF-6621-4B42-849A-85BF7FB52A49}.Debug|Any CPU.ActiveCfg = Debug|Any CPU
		{269676AF-6621-4B42-849A-85BF7FB52A49}.Debug|Any CPU.Build.0 = Debug|Any CPU
		{269676AF-6621-4B42-849A-85BF7FB52A49}.Release|Any CPU.ActiveCfg = Release|Any CPU
		{269676AF-6621-4B42-849A-85BF7FB52A49}.Release|Any CPU.Build.0 = Release|Any CPU
		{48D067AF-40E2-4474-B924-304A003E75BE}.Debug|Any CPU.ActiveCfg = Debug|Any CPU
		{48D067AF-40E2-4474-B924-304A003E75BE}.Debug|Any CPU.Build.0 = Debug|Any CPU
		{48D067AF-40E2-4474-B924-304A003E75BE}.Release|Any CPU.ActiveCfg = Release|Any CPU
		{48D067AF-40E2-4474-B924-304A003E75BE}.Release|Any CPU.Build.0 = Release|Any CPU
		{DDBDE98F-588F-419F-A846-DE4B5B3C109D}.Debug|Any CPU.ActiveCfg = Debug|Any CPU
		{DDBDE98F-588F-419F-A846-DE4B5B3C109D}.Debug|Any CPU.Build.0 = Debug|Any CPU
		{DDBDE98F-588F-419F-A846-DE4B5B3C109D}.Release|Any CPU.ActiveCfg = Release|Any CPU
		{DDBDE98F-588F-419F-A846-DE4B5B3C109D}.Release|Any CPU.Build.0 = Release|Any CPU
		{079D3734-C91C-4E17-B436-2F295B12E6EA}.Debug|Any CPU.ActiveCfg = Debug|Any CPU
		{079D3734-C91C-4E17-B436-2F295B12E6EA}.Debug|Any CPU.Build.0 = Debug|Any CPU
		{079D3734-C91C-4E17-B436-2F295B12E6EA}.Release|Any CPU.ActiveCfg = Release|Any CPU
		{079D3734-C91C-4E17-B436-2F295B12E6EA}.Release|Any CPU.Build.0 = Release|Any CPU
		{499BEB79-C820-47EF-A0B0-7AF860650756}.Debug|Any CPU.ActiveCfg = Debug|Any CPU
		{499BEB79-C820-47EF-A0B0-7AF860650756}.Debug|Any CPU.Build.0 = Debug|Any CPU
		{499BEB79-C820-47EF-A0B0-7AF860650756}.Release|Any CPU.ActiveCfg = Release|Any CPU
		{499BEB79-C820-47EF-A0B0-7AF860650756}.Release|Any CPU.Build.0 = Release|Any CPU
		{46F9968F-B4B9-483B-8C6E-39316BEC3C98}.Debug|Any CPU.ActiveCfg = Debug|Any CPU
		{46F9968F-B4B9-483B-8C6E-39316BEC3C98}.Debug|Any CPU.Build.0 = Debug|Any CPU
		{46F9968F-B4B9-483B-8C6E-39316BEC3C98}.Release|Any CPU.ActiveCfg = Release|Any CPU
		{46F9968F-B4B9-483B-8C6E-39316BEC3C98}.Release|Any CPU.Build.0 = Release|Any CPU
		{49816681-9D90-43D2-A4CC-49147F286295}.Debug|Any CPU.ActiveCfg = Debug|Any CPU
		{49816681-9D90-43D2-A4CC-49147F286295}.Debug|Any CPU.Build.0 = Debug|Any CPU
		{49816681-9D90-43D2-A4CC-49147F286295}.Release|Any CPU.ActiveCfg = Release|Any CPU
		{49816681-9D90-43D2-A4CC-49147F286295}.Release|Any CPU.Build.0 = Release|Any CPU
	EndGlobalSection
	GlobalSection(SolutionProperties) = preSolution
		HideSolutionNode = FALSE
	EndGlobalSection
	GlobalSection(NestedProjects) = preSolution
		{F4F93B9D-F5E4-4897-9147-9A44DAC30F79} = {8D051528-4077-450E-AB35-590C63DF1491}
		{8D051528-4077-450E-AB35-590C63DF1491} = {0FAEC3C0-E239-4BF4-8B9D-F5185430902E}
		{269676AF-6621-4B42-849A-85BF7FB52A49} = {8D051528-4077-450E-AB35-590C63DF1491}
		{48D067AF-40E2-4474-B924-304A003E75BE} = {0FAEC3C0-E239-4BF4-8B9D-F5185430902E}
		{DDBDE98F-588F-419F-A846-DE4B5B3C109D} = {8D051528-4077-450E-AB35-590C63DF1491}
		{079D3734-C91C-4E17-B436-2F295B12E6EA} = {0FAEC3C0-E239-4BF4-8B9D-F5185430902E}
		{499BEB79-C820-47EF-A0B0-7AF860650756} = {388FF368-9072-4586-A73B-0AB143D1212E}
		{46F9968F-B4B9-483B-8C6E-39316BEC3C98} = {388FF368-9072-4586-A73B-0AB143D1212E}
		{49816681-9D90-43D2-A4CC-49147F286295} = {388FF368-9072-4586-A73B-0AB143D1212E}
	EndGlobalSection
	GlobalSection(ExtensibilityGlobals) = postSolution
		SolutionGuid = {E5B42EC2-8A0D-4552-BEC5-5EBC9E809658}
	EndGlobalSection
EndGlobal
